# auto-generated by grc.converter

id: filerepeater_MetaToPair
label: Message Meta Value to Pair
category: '[Advanced File]'

parameters:
-   id: keyin
    label: Incoming Meta Name
    dtype: string
    default: key in
-   id: keyout
    label: Outgoing Pair Name
    dtype: string
    default: key out

inputs:
-   domain: message
    id: inmeta

outputs:
-   domain: message
    id: outpair

templates:
    imports: import filerepeater
    make: filerepeater.MetaToPair(${keyin},${keyout})

documentation: |-
    This block converts a metadata dictionary item to a pmt pair that is compatible with other blocks expecting a pair in.  You can specify which item in the incoming metadata to output as a pair and what the pair name is.

file_format: 1
