# auto-generated by grc.converter

id: filerepeater_StateAnd
label: State Message AND
category: '[Advanced File]'

inputs:
-   domain: message
    id: state1
-   domain: message
    id: state2

outputs:
-   domain: message
    id: state

templates:
    imports: import filerepeater
    make: filerepeater.StateMessageAnd()

documentation: |-
    This block monitors the two inbound state message ports looking for the metadata 'state' flag (1=True, 0=False).  The block then does a boolean AND and if both are high a new state=1 will be generated.  Otherwise if the state was high, a low will be generated.  If a low was already generated, no new low will be generated.

file_format: 1
